
Microsoft Visual Studio Solution File, Format Version 12.00
# Visual Studio Version 16
VisualStudioVersion = 16.0.32413.511
MinimumVisualStudioVersion = 10.0.40219.1
Project("{FAE04EC0-301F-11D3-BF4B-00C04F79EFBC}") = "Vetores-Structs", "Treinamento-Vetores\Vetores-Structs.csproj", "{5980058F-FC0A-4B89-B53A-C1A54D6EC7C5}"
EndProject
Project("{FAE04EC0-301F-11D3-BF4B-00C04F79EFBC}") = "Vetores-Classes", "Vetores-Classes\Vetores-Classes.csproj", "{DCFF2E45-FE2F-4563-BAA6-0AC8BF5D28DF}"
EndProject
Global
	GlobalSection(SolutionConfigurationPlatforms) = preSolution
		Debug|Any CPU = Debug|Any CPU
		Release|Any CPU = Release|Any CPU
	EndGlobalSection
	GlobalSection(ProjectConfigurationPlatforms) = postSolution
		{5980058F-FC0A-4B89-B53A-C1A54D6EC7C5}.Debug|Any CPU.ActiveCfg = Debug|Any CPU
		{5980058F-FC0A-4B89-B53A-C1A54D6EC7C5}.Debug|Any CPU.Build.0 = Debug|Any CPU
		{5980058F-FC0A-4B89-B53A-C1A54D6EC7C5}.Release|Any CPU.ActiveCfg = Release|Any CPU
		{5980058F-FC0A-4B89-B53A-C1A54D6EC7C5}.Release|Any CPU.Build.0 = Release|Any CPU
		{DCFF2E45-FE2F-4563-BAA6-0AC8BF5D28DF}.Debug|Any CPU.ActiveCfg = Debug|Any CPU
		{DCFF2E45-FE2F-4563-BAA6-0AC8BF5D28DF}.Debug|Any CPU.Build.0 = Debug|Any CPU
		{DCFF2E45-FE2F-4563-BAA6-0AC8BF5D28DF}.Release|Any CPU.ActiveCfg = Release|Any CPU
		{DCFF2E45-FE2F-4563-BAA6-0AC8BF5D28DF}.Release|Any CPU.Build.0 = Release|Any CPU
	EndGlobalSection
	GlobalSection(SolutionProperties) = preSolution
		HideSolutionNode = FALSE
	EndGlobalSection
	GlobalSection(ExtensibilityGlobals) = postSolution
		SolutionGuid = {02714DDC-0ED3-4C99-8781-94C739B414F5}
	EndGlobalSection
EndGlobal
